// !$*UTF8*$!
{
	archiveVersion = 1;
	classes = {
	};
	objectVersion = 50;
	objects = {

/* Begin PBXBuildFile section */
		622DE360233A733D00E641FF /* AppDelegate.swift in Sources */ = {isa = PBXBuildFile; fileRef = 622DE35F233A733D00E641FF /* AppDelegate.swift */; };
		622DE362233A733D00E641FF /* SceneDelegate.swift in Sources */ = {isa = PBXBuildFile; fileRef = 622DE361233A733D00E641FF /* SceneDelegate.swift */; };
		622DE367233A733D00E641FF /* Main.storyboard in Resources */ = {isa = PBXBuildFile; fileRef = 622DE365233A733D00E641FF /* Main.storyboard */; };
		622DE369233A733E00E641FF /* Assets.xcassets in Resources */ = {isa = PBXBuildFile; fileRef = 622DE368233A733E00E641FF /* Assets.xcassets */; };
		622DE36C233A733E00E641FF /* LaunchScreen.storyboard in Resources */ = {isa = PBXBuildFile; fileRef = 622DE36A233A733E00E641FF /* LaunchScreen.storyboard */; };
		622DE377233A771C00E641FF /* TimerController.swift in Sources */ = {isa = PBXBuildFile; fileRef = 622DE376233A771C00E641FF /* TimerController.swift */; };
/* End PBXBuildFile section */

/* Begin PBXFileReference section */
		622DE35C233A733D00E641FF /* PowerNapTimer.app */ = {isa = PBXFileReference; explicitFileType = wrapper.application; includeInIndex = 0; path = PowerNapTimer.app; sourceTree = BUILT_PRODUCTS_DIR; };
		622DE35F233A733D00E641FF /* AppDelegate.swift */ = {isa = PBXFileReference; lastKnownFileType = sourcecode.swift; path = AppDelegate.swift; sourceTree = "<group>"; };
		622DE361233A733D00E641FF /* SceneDelegate.swift */ = {isa = PBXFileReference; lastKnownFileType = sourcecode.swift; path = SceneDelegate.swift; sourceTree = "<group>"; };
		622DE366233A733D00E641FF /* Base */ = {isa = PBXFileReference; lastKnownFileType = file.storyboard; name = Base; path = Base.lproj/Main.storyboard; sourceTree = "<group>"; };
		622DE368233A733E00E641FF /* Assets.xcassets */ = {isa = PBXFileReference; lastKnownFileType = folder.assetcatalog; path = Assets.xcassets; sourceTree = "<group>"; };
		622DE36B233A733E00E641FF /* Base */ = {isa = PBXFileReference; lastKnownFileType = file.storyboard; name = Base; path = Base.lproj/LaunchScreen.storyboard; sourceTree = "<group>"; };
		622DE36D233A733E00E641FF /* Info.plist */ = {isa = PBXFileReference; lastKnownFileType = text.plist.xml; path = Info.plist; sourceTree = "<group>"; };
		622DE376233A771C00E641FF /* TimerController.swift */ = {isa = PBXFileReference; lastKnownFileType = sourcecode.swift; path = TimerController.swift; sourceTree = "<group>"; };
/* End PBXFileReference section */

/* Begin PBXFrameworksBuildPhase section */
		622DE359233A733D00E641FF /* Frameworks */ = {
			isa = PBXFrameworksBuildPhase;
			buildActionMask = 2147483647;
			files = (
			);
			runOnlyForDeploymentPostprocessing = 0;
		};
/* End PBXFrameworksBuildPhase section */

/* Begin PBXGroup section */
		622DE353233A733D00E641FF = {
			isa = PBXGroup;
			children = (
				622DE35E233A733D00E641FF /* PowerNapTimer */,
				622DE35D233A733D00E641FF /* Products */,
			);
			sourceTree = "<group>";
		};
		622DE35D233A733D00E641FF /* Products */ = {
			isa = PBXGroup;
			children = (
				622DE35C233A733D00E641FF /* PowerNapTimer.app */,
			);
			name = Products;
			sourceTree = "<group>";
		};
		622DE35E233A733D00E641FF /* PowerNapTimer */ = {
			isa = PBXGroup;
			children = (
				622DE378233A772300E641FF /* Controllers */,
				622DE374233A766C00E641FF /* Views */,
				622DE373233A765A00E641FF /* Resources */,
			);
			path = PowerNapTimer;
			sourceTree = "<group>";
		};
		622DE373233A765A00E641FF /* Resources */ = {
			isa = PBXGroup;
			children = (
				622DE35F233A733D00E641FF /* AppDelegate.swift */,
				622DE361233A733D00E641FF /* SceneDelegate.swift */,
				622DE368233A733E00E641FF /* Assets.xcassets */,
				622DE36A233A733E00E641FF /* LaunchScreen.storyboard */,
				622DE36D233A733E00E641FF /* Info.plist */,
			);
			path = Resources;
			sourceTree = "<group>";
		};
		622DE374233A766C00E641FF /* Views */ = {
			isa = PBXGroup;
			children = (
				622DE375233A767000E641FF /* Storyboards */,
			);
			path = Views;
			sourceTree = "<group>";
		};
		622DE375233A767000E641FF /* Storyboards */ = {
			isa = PBXGroup;
			children = (
				622DE365233A733D00E641FF /* Main.storyboard */,
			);
			path = Storyboards;
			sourceTree = "<group>";
		};
		622DE378233A772300E641FF /* Controllers */ = {
			isa = PBXGroup;
			children = (
				622DE379233A772F00E641FF /* ModelControllers */,
			);
			path = Controllers;
			sourceTree = "<group>";
		};
		622DE379233A772F00E641FF /* ModelControllers */ = {
			isa = PBXGroup;
			children = (
				622DE376233A771C00E641FF /* TimerController.swift */,
			);
			path = ModelControllers;
			sourceTree = "<group>";
		};
/* End PBXGroup section */

/* Begin PBXNativeTarget section */
		622DE35B233A733D00E641FF /* PowerNapTimer */ = {
			isa = PBXNativeTarget;
			buildConfigurationList = 622DE370233A733E00E641FF /* Build configuration list for PBXNativeTarget "PowerNapTimer" */;
			buildPhases = (
				622DE358233A733D00E641FF /* Sources */,
				622DE359233A733D00E641FF /* Frameworks */,
				622DE35A233A733D00E641FF /* Resources */,
			);
			buildRules = (
			);
			dependencies = (
			);
			name = PowerNapTimer;
			productName = PowerNapTimer;
			productReference = 622DE35C233A733D00E641FF /* PowerNapTimer.app */;
			productType = "com.apple.product-type.application";
		};
/* End PBXNativeTarget section */

/* Begin PBXProject section */
		622DE354233A733D00E641FF /* Project object */ = {
			isa = PBXProject;
			attributes = {
				LastSwiftUpdateCheck = 1100;
				LastUpgradeCheck = 1100;
				ORGANIZATIONNAME = "RYAN GREENBURG";
				TargetAttributes = {
					622DE35B233A733D00E641FF = {
						CreatedOnToolsVersion = 11.0;
					};
				};
			};
			buildConfigurationList = 622DE357233A733D00E641FF /* Build configuration list for PBXProject "PowerNapTimer" */;
			compatibilityVersion = "Xcode 9.3";
			developmentRegion = en;
			hasScannedForEncodings = 0;
			knownRegions = (
				en,
				Base,
			);
			mainGroup = 622DE353233A733D00E641FF;
			productRefGroup = 622DE35D233A733D00E641FF /* Products */;
			projectDirPath = "";
			projectRoot = "";
			targets = (
				622DE35B233A733D00E641FF /* PowerNapTimer */,
			);
		};
/* End PBXProject section */

/* Begin PBXResourcesBuildPhase section */
		622DE35A233A733D00E641FF /* Resources */ = {
			isa = PBXResourcesBuildPhase;
			buildActionMask = 2147483647;
			files = (
				622DE36C233A733E00E641FF /* LaunchScreen.storyboard in Resources */,
				622DE369233A733E00E641FF /* Assets.xcassets in Resources */,
				622DE367233A733D00E641FF /* Main.storyboard in Resources */,
			);
			runOnlyForDeploymentPostprocessing = 0;
		};
/* End PBXResourcesBuildPhase section */

/* Begin PBXSourcesBuildPhase section */
		622DE358233A733D00E641FF /* Sources */ = {
			isa = PBXSourcesBuildPhase;
			buildActionMask = 2147483647;
			files = (
				622DE360233A733D00E641FF /* AppDelegate.swift in Sources */,
				622DE362233A733D00E641FF /* SceneDelegate.swift in Sources */,
				622DE377233A771C00E641FF /* TimerController.swift in Sources */,
			);
			runOnlyForDeploymentPostprocessing = 0;
		};
/* End PBXSourcesBuildPhase section */

/* Begin PBXVariantGroup section */
		622DE365233A733D00E641FF /* Main.storyboard */ = {
			isa = PBXVariantGroup;
			children = (
				622DE366233A733D00E641FF /* Base */,
			);
			name = Main.storyboard;
			sourceTree = "<group>";
		};
		622DE36A233A733E00E641FF /* LaunchScreen.storyboard */ = {
			isa = PBXVariantGroup;
			children = (
				622DE36B233A733E00E641FF /* Base */,
			);
			name = LaunchScreen.storyboard;
			sourceTree = "<group>";
		};
/* End PBXVariantGroup section */

/* Begin XCBuildConfiguration section */
		622DE36E233A733E00E641FF /* Debug */ = {
			isa = XCBuildConfiguration;
			buildSettings = {
				ALWAYS_SEARCH_USER_PATHS = NO;
				CLANG_ANALYZER_NONNULL = YES;
				CLANG_ANALYZER_NUMBER_OBJECT_CONVERSION = YES_AGGRESSIVE;
				CLANG_CXX_LANGUAGE_STANDARD = "gnu++14";
				CLANG_CXX_LIBRARY = "libc++";
				CLANG_ENABLE_MODULES = YES;
				CLANG_ENABLE_OBJC_ARC = YES;
				CLANG_ENABLE_OBJC_WEAK = YES;
				CLANG_WARN_BLOCK_CAPTURE_AUTORELEASING = YES;
				CLANG_WARN_BOOL_CONVERSION = YES;
				CLANG_WARN_COMMA = YES;
				CLANG_WARN_CONSTANT_CONVERSION = YES;
				CLANG_WARN_DEPRECATED_OBJC_IMPLEMENTATIONS = YES;
				CLANG_WARN_DIRECT_OBJC_ISA_USAGE = YES_ERROR;
				CLANG_WARN_DOCUMENTATION_COMMENTS = YES;
				CLANG_WARN_EMPTY_BODY = YES;
				CLANG_WARN_ENUM_CONVERSION = YES;
				CLANG_WARN_INFINITE_RECURSION = YES;
				CLANG_WARN_INT_CONVERSION = YES;
				CLANG_WARN_NON_LITERAL_NULL_CONVERSION = YES;
				CLANG_WARN_OBJC_IMPLICIT_RETAIN_SELF = YES;
				CLANG_WARN_OBJC_LITERAL_CONVERSION = YES;
				CLANG_WARN_OBJC_ROOT_CLASS = YES_ERROR;
				CLANG_WARN_RANGE_LOOP_ANALYSIS = YES;
				CLANG_WARN_STRICT_PROTOTYPES = YES;
				CLANG_WARN_SUSPICIOUS_MOVE = YES;
				CLANG_WARN_UNGUARDED_AVAILABILITY = YES_AGGRESSIVE;
				CLANG_WARN_UNREACHABLE_CODE = YES;
				CLANG_WARN__DUPLICATE_METHOD_MATCH = YES;
				COPY_PHASE_STRIP = NO;
				DEBUG_INFORMATION_FORMAT = dwarf;
				ENABLE_STRICT_OBJC_MSGSEND = YES;
				ENABLE_TESTABILITY = YES;
				GCC_C_LANGUAGE_STANDARD = gnu11;
				GCC_DYNAMIC_NO_PIC = NO;
				GCC_NO_COMMON_BLOCKS = YES;
				GCC_OPTIMIZATION_LEVEL = 0;
				GCC_PREPROCESSOR_DEFINITIONS = (
					"DEBUG=1",
					"$(inherited)",
				);
				GCC_WARN_64_TO_32_BIT_CONVERSION = YES;
				GCC_WARN_ABOUT_RETURN_TYPE = YES_ERROR;
				GCC_WARN_UNDECLARED_SELECTOR = YES;
				GCC_WARN_UNINITIALIZED_AUTOS = YES_AGGRESSIVE;
				GCC_WARN_UNUSED_FUNCTION = YES;
				GCC_WARN_UNUSED_VARIABLE = YES;
				IPHONEOS_DEPLOYMENT_TARGET = 13.0;
				MTL_ENABLE_DEBUG_INFO = INCLUDE_SOURCE;
				MTL_FAST_MATH = YES;
				ONLY_ACTIVE_ARCH = YES;
				SDKROOT = iphoneos;
				SWIFT_ACTIVE_COMPILATION_CONDITIONS = DEBUG;
				SWIFT_OPTIMIZATION_LEVEL = "-Onone";
			};
			name = Debug;
		};
		622DE36F233A733E00E641FF /* Release */ = {
			isa = XCBuildConfiguration;
			buildSettings = {
				ALWAYS_SEARCH_USER_PATHS = NO;
				CLANG_ANALYZER_NONNULL = YES;
				CLANG_ANALYZER_NUMBER_OBJECT_CONVERSION = YES_AGGRESSIVE;
				CLANG_CXX_LANGUAGE_STANDARD = "gnu++14";
				CLANG_CXX_LIBRARY = "libc++";
				CLANG_ENABLE_MODULES = YES;
				CLANG_ENABLE_OBJC_ARC = YES;
				CLANG_ENABLE_OBJC_WEAK = YES;
				CLANG_WARN_BLOCK_CAPTURE_AUTORELEASING = YES;
				CLANG_WARN_BOOL_CONVERSION = YES;
				CLANG_WARN_COMMA = YES;
				CLANG_WARN_CONSTANT_CONVERSION = YES;
				CLANG_WARN_DEPRECATED_OBJC_IMPLEMENTATIONS = YES;
				CLANG_WARN_DIRECT_OBJC_ISA_USAGE = YES_ERROR;
				CLANG_WARN_DOCUMENTATION_COMMENTS = YES;
				CLANG_WARN_EMPTY_BODY = YES;
				CLANG_WARN_ENUM_CONVERSION = YES;
				CLANG_WARN_INFINITE_RECURSION = YES;
				CLANG_WARN_INT_CONVERSION = YES;
				CLANG_WARN_NON_LITERAL_NULL_CONVERSION = YES;
				CLANG_WARN_OBJC_IMPLICIT_RETAIN_SELF = YES;
				CLANG_WARN_OBJC_LITERAL_CONVERSION = YES;
				CLANG_WARN_OBJC_ROOT_CLASS = YES_ERROR;
				CLANG_WARN_RANGE_LOOP_ANALYSIS = YES;
				CLANG_WARN_STRICT_PROTOTYPES = YES;
				CLANG_WARN_SUSPICIOUS_MOVE = YES;
				CLANG_WARN_UNGUARDED_AVAILABILITY = YES_AGGRESSIVE;
				CLANG_WARN_UNREACHABLE_CODE = YES;
				CLANG_WARN__DUPLICATE_METHOD_MATCH = YES;
				COPY_PHASE_STRIP = NO;
				DEBUG_INFORMATION_FORMAT = "dwarf-with-dsym";
				ENABLE_NS_ASSERTIONS = NO;
				ENABLE_STRICT_OBJC_MSGSEND = YES;
				GCC_C_LANGUAGE_STANDARD = gnu11;
				GCC_NO_COMMON_BLOCKS = YES;
				GCC_WARN_64_TO_32_BIT_CONVERSION = YES;
				GCC_WARN_ABOUT_RETURN_TYPE = YES_ERROR;
				GCC_WARN_UNDECLARED_SELECTOR = YES;
				GCC_WARN_UNINITIALIZED_AUTOS = YES_AGGRESSIVE;
				GCC_WARN_UNUSED_FUNCTION = YES;
				GCC_WARN_UNUSED_VARIABLE = YES;
				IPHONEOS_DEPLOYMENT_TARGET = 13.0;
				MTL_ENABLE_DEBUG_INFO = NO;
				MTL_FAST_MATH = YES;
				SDKROOT = iphoneos;
				SWIFT_COMPILATION_MODE = wholemodule;
				SWIFT_OPTIMIZATION_LEVEL = "-O";
				VALIDATE_PRODUCT = YES;
			};
			name = Release;
		};
		622DE371233A733E00E641FF /* Debug */ = {
			isa = XCBuildConfiguration;
			buildSettings = {
				ASSETCATALOG_COMPILER_APPICON_NAME = AppIcon;
				CODE_SIGN_STYLE = Automatic;
				DEVELOPMENT_TEAM = H8C27D6HU3;
				INFOPLIST_FILE = PowerNapTimer/Info.plist;
				LD_RUNPATH_SEARCH_PATHS = (
					"$(inherited)",
					"@executable_path/Frameworks",
				);
				PRODUCT_BUNDLE_IDENTIFIER = A.PowerNapTimer;
				PRODUCT_NAME = "$(TARGET_NAME)";
				SWIFT_VERSION = 5.0;
				TARGETED_DEVICE_FAMILY = "1,2";
			};
			name = Debug;
		};
		622DE372233A733E00E641FF /* Release */ = {
			isa = XCBuildConfiguration;
			buildSettings = {
				ASSETCATALOG_COMPILER_APPICON_NAME = AppIcon;
				CODE_SIGN_STYLE = Automatic;
				DEVELOPMENT_TEAM = H8C27D6HU3;
				INFOPLIST_FILE = PowerNapTimer/Info.plist;
				LD_RUNPATH_SEARCH_PATHS = (
					"$(inherited)",
					"@executable_path/Frameworks",
				);
				PRODUCT_BUNDLE_IDENTIFIER = A.PowerNapTimer;
				PRODUCT_NAME = "$(TARGET_NAME)";
				SWIFT_VERSION = 5.0;
				TARGETED_DEVICE_FAMILY = "1,2";
			};
			name = Release;
		};
/* End XCBuildConfiguration section */

/* Begin XCConfigurationList section */
		622DE357233A733D00E641FF /* Build configuration list for PBXProject "PowerNapTimer" */ = {
			isa = XCConfigurationList;
			buildConfigurations = (
				622DE36E233A733E00E641FF /* Debug */,
				622DE36F233A733E00E641FF /* Release */,
			);
			defaultConfigurationIsVisible = 0;
			defaultConfigurationName = Release;
		};
		622DE370233A733E00E641FF /* Build configuration list for PBXNativeTarget "PowerNapTimer" */ = {
			isa = XCConfigurationList;
			buildConfigurations = (
				622DE371233A733E00E641FF /* Debug */,
				622DE372233A733E00E641FF /* Release */,
			);
			defaultConfigurationIsVisible = 0;
			defaultConfigurationName = Release;
		};
/* End XCConfigurationList section */
	};
	rootObject = 622DE354233A733D00E641FF /* Project object */;
}
